
Microsoft Visual Studio Solution File, Format Version 12.00
# Visual Studio Version 16
VisualStudioVersion = 16.0.30225.117
MinimumVisualStudioVersion = 10.0.40219.1
Project("{FAE04EC0-301F-11D3-BF4B-00C04F79EFBC}") = "BIN2DEC", "BIN2DEC\BIN2DEC.csproj", "{53B1007C-C3F2-4FE7-9570-435341FBDF13}"
EndProject
Global
	GlobalSection(SolutionConfigurationPlatforms) = preSolution
		Debug|Any CPU = Debug|Any CPU
		Release|Any CPU = Release|Any CPU
	EndGlobalSection
	GlobalSection(ProjectConfigurationPlatforms) = postSolution
		{53B1007C-C3F2-4FE7-9570-435341FBDF13}.Debug|Any CPU.ActiveCfg = Debug|Any CPU
		{53B1007C-C3F2-4FE7-9570-435341FBDF13}.Debug|Any CPU.Build.0 = Debug|Any CPU
		{53B1007C-C3F2-4FE7-9570-435341FBDF13}.Release|Any CPU.ActiveCfg = Release|Any CPU
		{53B1007C-C3F2-4FE7-9570-435341FBDF13}.Release|Any CPU.Build.0 = Release|Any CPU
	EndGlobalSection
	GlobalSection(SolutionProperties) = preSolution
		HideSolutionNode = FALSE
	EndGlobalSection
	GlobalSection(ExtensibilityGlobals) = postSolution
		SolutionGuid = {2D7EA640-2A8B-43BA-A525-FCC73C189283}
	EndGlobalSection
EndGlobal
