
Microsoft Visual Studio Solution File, Format Version 12.00
# Visual Studio Version 16
VisualStudioVersion = 16.0.30225.117
MinimumVisualStudioVersion = 10.0.40219.1
Project("{FAE04EC0-301F-11D3-BF4B-00C04F79EFBC}") = "Ejercicos Triangulos", "Ejercicos Triangulos\Ejercicos Triangulos.csproj", "{32B7142D-9CF2-4B31-AE7F-958712FC9C63}"
EndProject
Global
	GlobalSection(SolutionConfigurationPlatforms) = preSolution
		Debug|Any CPU = Debug|Any CPU
		Release|Any CPU = Release|Any CPU
	EndGlobalSection
	GlobalSection(ProjectConfigurationPlatforms) = postSolution
		{32B7142D-9CF2-4B31-AE7F-958712FC9C63}.Debug|Any CPU.ActiveCfg = Debug|Any CPU
		{32B7142D-9CF2-4B31-AE7F-958712FC9C63}.Debug|Any CPU.Build.0 = Debug|Any CPU
		{32B7142D-9CF2-4B31-AE7F-958712FC9C63}.Release|Any CPU.ActiveCfg = Release|Any CPU
		{32B7142D-9CF2-4B31-AE7F-958712FC9C63}.Release|Any CPU.Build.0 = Release|Any CPU
	EndGlobalSection
	GlobalSection(SolutionProperties) = preSolution
		HideSolutionNode = FALSE
	EndGlobalSection
	GlobalSection(ExtensibilityGlobals) = postSolution
		SolutionGuid = {D0050219-C06D-4041-96D9-7510F631D02F}
	EndGlobalSection
EndGlobal
